
Microsoft Visual Studio Solution File, Format Version 12.00
# Visual Studio Version 17
VisualStudioVersion = 17.13.35806.99 d17.13
MinimumVisualStudioVersion = 10.0.40219.1
Project("{FAE04EC0-301F-11D3-BF4B-00C04F79EFBC}") = "Calculator", "Calculator.csproj", "{A6D1D56F-892F-4CBD-A503-D24501E00FE2}"
EndProject
Global
	GlobalSection(SolutionConfigurationPlatforms) = preSolution
		Debug|Any CPU = Debug|Any CPU
		Release|Any CPU = Release|Any CPU
	EndGlobalSection
	GlobalSection(ProjectConfigurationPlatforms) = postSolution
		{A6D1D56F-892F-4CBD-A503-D24501E00FE2}.Debug|Any CPU.ActiveCfg = Debug|Any CPU
		{A6D1D56F-892F-4CBD-A503-D24501E00FE2}.Debug|Any CPU.Build.0 = Debug|Any CPU
		{A6D1D56F-892F-4CBD-A503-D24501E00FE2}.Release|Any CPU.ActiveCfg = Release|Any CPU
		{A6D1D56F-892F-4CBD-A503-D24501E00FE2}.Release|Any CPU.Build.0 = Release|Any CPU
	EndGlobalSection
	GlobalSection(SolutionProperties) = preSolution
		HideSolutionNode = FALSE
	EndGlobalSection
	GlobalSection(ExtensibilityGlobals) = postSolution
		SolutionGuid = {AEE28D11-8BED-413A-AEBB-89EAC4157CC2}
	EndGlobalSection
EndGlobal
